// !$*UTF8*$!
{
	archiveVersion = 1;
	classes = {
	};
	objectVersion = 77;
	objects = {

/* Begin PBXBuildFile section */
		AC0ACD342E47375D0038C4C6 /* FirebaseAI in Frameworks */ = {isa = PBXBuildFile; productRef = AC0ACD332E47375D0038C4C6 /* FirebaseAI */; };
		AC0ACD362E47375D0038C4C6 /* FirebaseDatabase in Frameworks */ = {isa = PBXBuildFile; productRef = AC0ACD352E47375D0038C4C6 /* FirebaseDatabase */; };
		AC0ACD382E47B9C50038C4C6 /* FirebaseFirestore in Frameworks */ = {isa = PBXBuildFile; productRef = AC0ACD372E47B9C50038C4C6 /* FirebaseFirestore */; };
		AC0ACD3A2E47B9C50038C4C6 /* FirebaseFirestoreCombine-Community in Frameworks */ = {isa = PBXBuildFile; productRef = AC0ACD392E47B9C50038C4C6 /* FirebaseFirestoreCombine-Community */; };
		AC9151792E46BD3C00082157 /* FirebaseAuth in Frameworks */ = {isa = PBXBuildFile; productRef = AC9151782E46BD3C00082157 /* FirebaseAuth */; };
		ACA572AE2E43C80300F7283B /* DGCharts in Frameworks */ = {isa = PBXBuildFile; productRef = ACA572AD2E43C80300F7283B /* DGCharts */; };
		ACA572B12E43C81400F7283B /* TinyConstraints in Frameworks */ = {isa = PBXBuildFile; productRef = ACA572B02E43C81400F7283B /* TinyConstraints */; };
		ACA572B42E43DF9E00F7283B /* BCrypt in Frameworks */ = {isa = PBXBuildFile; productRef = ACA572B32E43DF9E00F7283B /* BCrypt */; };
/* End PBXBuildFile section */

/* Begin PBXFileReference section */
		AC13A9A42E431CE40040338B /* FutFacts.app */ = {isa = PBXFileReference; explicitFileType = wrapper.application; includeInIndex = 0; path = FutFacts.app; sourceTree = BUILT_PRODUCTS_DIR; };
/* End PBXFileReference section */

/* Begin PBXFileSystemSynchronizedBuildFileExceptionSet section */
		AC13A9B62E431CE60040338B /* Exceptions for "FutFacts" folder in "FutFacts" target */ = {
			isa = PBXFileSystemSynchronizedBuildFileExceptionSet;
			membershipExceptions = (
				Info.plist,
			);
			target = AC13A9A32E431CE40040338B /* FutFacts */;
		};
/* End PBXFileSystemSynchronizedBuildFileExceptionSet section */

/* Begin PBXFileSystemSynchronizedRootGroup section */
		AC13A9A62E431CE40040338B /* FutFacts */ = {
			isa = PBXFileSystemSynchronizedRootGroup;
			exceptions = (
				AC13A9B62E431CE60040338B /* Exceptions for "FutFacts" folder in "FutFacts" target */,
			);
			path = FutFacts;
			sourceTree = "<group>";
		};
/* End PBXFileSystemSynchronizedRootGroup section */

/* Begin PBXFrameworksBuildPhase section */
		AC13A9A12E431CE40040338B /* Frameworks */ = {
			isa = PBXFrameworksBuildPhase;
			buildActionMask = 2147483647;
			files = (
				AC0ACD362E47375D0038C4C6 /* FirebaseDatabase in Frameworks */,
				AC0ACD3A2E47B9C50038C4C6 /* FirebaseFirestoreCombine-Community in Frameworks */,
				AC0ACD342E47375D0038C4C6 /* FirebaseAI in Frameworks */,
				ACA572B42E43DF9E00F7283B /* BCrypt in Frameworks */,
				AC9151792E46BD3C00082157 /* FirebaseAuth in Frameworks */,
				ACA572AE2E43C80300F7283B /* DGCharts in Frameworks */,
				ACA572B12E43C81400F7283B /* TinyConstraints in Frameworks */,
				AC0ACD382E47B9C50038C4C6 /* FirebaseFirestore in Frameworks */,
			);
			runOnlyForDeploymentPostprocessing = 0;
		};
/* End PBXFrameworksBuildPhase section */

/* Begin PBXGroup section */
		AC13A99B2E431CE40040338B = {
			isa = PBXGroup;
			children = (
				AC13A9A62E431CE40040338B /* FutFacts */,
				AC13A9A52E431CE40040338B /* Products */,
			);
			sourceTree = "<group>";
		};
		AC13A9A52E431CE40040338B /* Products */ = {
			isa = PBXGroup;
			children = (
				AC13A9A42E431CE40040338B /* FutFacts.app */,
			);
			name = Products;
			sourceTree = "<group>";
		};
/* End PBXGroup section */

/* Begin PBXNativeTarget section */
		AC13A9A32E431CE40040338B /* FutFacts */ = {
			isa = PBXNativeTarget;
			buildConfigurationList = AC13A9B72E431CE60040338B /* Build configuration list for PBXNativeTarget "FutFacts" */;
			buildPhases = (
				AC13A9A02E431CE40040338B /* Sources */,
				AC13A9A12E431CE40040338B /* Frameworks */,
				AC13A9A22E431CE40040338B /* Resources */,
			);
			buildRules = (
			);
			dependencies = (
			);
			fileSystemSynchronizedGroups = (
				AC13A9A62E431CE40040338B /* FutFacts */,
			);
			name = FutFacts;
			productName = FutFacts;
			productReference = AC13A9A42E431CE40040338B /* FutFacts.app */;
			productType = "com.apple.product-type.application";
		};
/* End PBXNativeTarget section */

/* Begin PBXProject section */
		AC13A99C2E431CE40040338B /* Project object */ = {
			isa = PBXProject;
			attributes = {
				BuildIndependentTargetsInParallel = 1;
				LastSwiftUpdateCheck = 1620;
				LastUpgradeCheck = 1620;
				TargetAttributes = {
					AC13A9A32E431CE40040338B = {
						CreatedOnToolsVersion = 16.2;
					};
				};
			};
			buildConfigurationList = AC13A99F2E431CE40040338B /* Build configuration list for PBXProject "FutFacts" */;
			developmentRegion = en;
			hasScannedForEncodings = 0;
			knownRegions = (
				en,
				Base,
			);
			mainGroup = AC13A99B2E431CE40040338B;
			minimizedProjectReferenceProxies = 1;
			packageReferences = (
				ACA572AC2E43C80300F7283B /* XCRemoteSwiftPackageReference "Charts" */,
				ACA572AF2E43C81400F7283B /* XCRemoteSwiftPackageReference "TinyConstraints" */,
				ACA572B22E43DF9E00F7283B /* XCRemoteSwiftPackageReference "bcrypt" */,
				AC9151772E46BD3C00082157 /* XCRemoteSwiftPackageReference "firebase-ios-sdk" */,
			);
			preferredProjectObjectVersion = 77;
			productRefGroup = AC13A9A52E431CE40040338B /* Products */;
			projectDirPath = "";
			projectRoot = "";
			targets = (
				AC13A9A32E431CE40040338B /* FutFacts */,
			);
		};
/* End PBXProject section */

/* Begin PBXResourcesBuildPhase section */
		AC13A9A22E431CE40040338B /* Resources */ = {
			isa = PBXResourcesBuildPhase;
			buildActionMask = 2147483647;
			files = (
			);
			runOnlyForDeploymentPostprocessing = 0;
		};
/* End PBXResourcesBuildPhase section */

/* Begin PBXSourcesBuildPhase section */
		AC13A9A02E431CE40040338B /* Sources */ = {
			isa = PBXSourcesBuildPhase;
			buildActionMask = 2147483647;
			files = (
			);
			runOnlyForDeploymentPostprocessing = 0;
		};
/* End PBXSourcesBuildPhase section */

/* Begin XCBuildConfiguration section */
		AC13A9B82E431CE60040338B /* Debug */ = {
			isa = XCBuildConfiguration;
			buildSettings = {
				ASSETCATALOG_COMPILER_APPICON_NAME = AppIcon;
				ASSETCATALOG_COMPILER_GLOBAL_ACCENT_COLOR_NAME = AccentColor;
				CODE_SIGN_STYLE = Automatic;
				CURRENT_PROJECT_VERSION = 1;
				DEVELOPMENT_TEAM = B97ZVTX756;
				GENERATE_INFOPLIST_FILE = YES;
				INFOPLIST_FILE = FutFacts/Info.plist;
				INFOPLIST_KEY_UIApplicationSupportsIndirectInputEvents = YES;
				INFOPLIST_KEY_UILaunchStoryboardName = LaunchScreen;
				INFOPLIST_KEY_UIMainStoryboardFile = Main;
				INFOPLIST_KEY_UISupportedInterfaceOrientations_iPad = "UIInterfaceOrientationPortrait UIInterfaceOrientationPortraitUpsideDown UIInterfaceOrientationLandscapeLeft UIInterfaceOrientationLandscapeRight";
				INFOPLIST_KEY_UISupportedInterfaceOrientations_iPhone = "UIInterfaceOrientationPortrait UIInterfaceOrientationLandscapeLeft UIInterfaceOrientationLandscapeRight";
				LD_RUNPATH_SEARCH_PATHS = (
					"$(inherited)",
					"@executable_path/Frameworks",
				);
				MARKETING_VERSION = 1.0;
				PRODUCT_BUNDLE_IDENTIFIER = regis.FutFacts;
				PRODUCT_NAME = "$(TARGET_NAME)";
				SWIFT_EMIT_LOC_STRINGS = YES;
				SWIFT_VERSION = 5.0;
				TARGETED_DEVICE_FAMILY = "1,2";
			};
			name = Debug;
		};
		AC13A9B92E431CE60040338B /* Release */ = {
			isa = XCBuildConfiguration;
			buildSettings = {
				ASSETCATALOG_COMPILER_APPICON_NAME = AppIcon;
				ASSETCATALOG_COMPILER_GLOBAL_ACCENT_COLOR_NAME = AccentColor;
				CODE_SIGN_STYLE = Automatic;
				CURRENT_PROJECT_VERSION = 1;
				DEVELOPMENT_TEAM = B97ZVTX756;
				GENERATE_INFOPLIST_FILE = YES;
				INFOPLIST_FILE = FutFacts/Info.plist;
				INFOPLIST_KEY_UIApplicationSupportsIndirectInputEvents = YES;
				INFOPLIST_KEY_UILaunchStoryboardName = LaunchScreen;
				INFOPLIST_KEY_UIMainStoryboardFile = Main;
				INFOPLIST_KEY_UISupportedInterfaceOrientations_iPad = "UIInterfaceOrientationPortrait UIInterfaceOrientationPortraitUpsideDown UIInterfaceOrientationLandscapeLeft UIInterfaceOrientationLandscapeRight";
				INFOPLIST_KEY_UISupportedInterfaceOrientations_iPhone = "UIInterfaceOrientationPortrait UIInterfaceOrientationLandscapeLeft UIInterfaceOrientationLandscapeRight";
				LD_RUNPATH_SEARCH_PATHS = (
					"$(inherited)",
					"@executable_path/Frameworks",
				);
				MARKETING_VERSION = 1.0;
				PRODUCT_BUNDLE_IDENTIFIER = regis.FutFacts;
				PRODUCT_NAME = "$(TARGET_NAME)";
				SWIFT_EMIT_LOC_STRINGS = YES;
				SWIFT_VERSION = 5.0;
				TARGETED_DEVICE_FAMILY = "1,2";
			};
			name = Release;
		};
		AC13A9BA2E431CE60040338B /* Debug */ = {
			isa = XCBuildConfiguration;
			buildSettings = {
				ALWAYS_SEARCH_USER_PATHS = NO;
				ASSETCATALOG_COMPILER_GENERATE_SWIFT_ASSET_SYMBOL_EXTENSIONS = YES;
				CLANG_ANALYZER_NONNULL = YES;
				CLANG_ANALYZER_NUMBER_OBJECT_CONVERSION = YES_AGGRESSIVE;
				CLANG_CXX_LANGUAGE_STANDARD = "gnu++20";
				CLANG_ENABLE_MODULES = YES;
				CLANG_ENABLE_OBJC_ARC = YES;
				CLANG_ENABLE_OBJC_WEAK = YES;
				CLANG_WARN_BLOCK_CAPTURE_AUTORELEASING = YES;
				CLANG_WARN_BOOL_CONVERSION = YES;
				CLANG_WARN_COMMA = YES;
				CLANG_WARN_CONSTANT_CONVERSION = YES;
				CLANG_WARN_DEPRECATED_OBJC_IMPLEMENTATIONS = YES;
				CLANG_WARN_DIRECT_OBJC_ISA_USAGE = YES_ERROR;
				CLANG_WARN_DOCUMENTATION_COMMENTS = YES;
				CLANG_WARN_EMPTY_BODY = YES;
				CLANG_WARN_ENUM_CONVERSION = YES;
				CLANG_WARN_INFINITE_RECURSION = YES;
				CLANG_WARN_INT_CONVERSION = YES;
				CLANG_WARN_NON_LITERAL_NULL_CONVERSION = YES;
				CLANG_WARN_OBJC_IMPLICIT_RETAIN_SELF = YES;
				CLANG_WARN_OBJC_LITERAL_CONVERSION = YES;
				CLANG_WARN_OBJC_ROOT_CLASS = YES_ERROR;
				CLANG_WARN_QUOTED_INCLUDE_IN_FRAMEWORK_HEADER = YES;
				CLANG_WARN_RANGE_LOOP_ANALYSIS = YES;
				CLANG_WARN_STRICT_PROTOTYPES = YES;
				CLANG_WARN_SUSPICIOUS_MOVE = YES;
				CLANG_WARN_UNGUARDED_AVAILABILITY = YES_AGGRESSIVE;
				CLANG_WARN_UNREACHABLE_CODE = YES;
				CLANG_WARN__DUPLICATE_METHOD_MATCH = YES;
				COPY_PHASE_STRIP = NO;
				DEBUG_INFORMATION_FORMAT = dwarf;
				ENABLE_STRICT_OBJC_MSGSEND = YES;
				ENABLE_TESTABILITY = YES;
				ENABLE_USER_SCRIPT_SANDBOXING = YES;
				GCC_C_LANGUAGE_STANDARD = gnu17;
				GCC_DYNAMIC_NO_PIC = NO;
				GCC_NO_COMMON_BLOCKS = YES;
				GCC_OPTIMIZATION_LEVEL = 0;
				GCC_PREPROCESSOR_DEFINITIONS = (
					"DEBUG=1",
					"$(inherited)",
				);
				GCC_WARN_64_TO_32_BIT_CONVERSION = YES;
				GCC_WARN_ABOUT_RETURN_TYPE = YES_ERROR;
				GCC_WARN_UNDECLARED_SELECTOR = YES;
				GCC_WARN_UNINITIALIZED_AUTOS = YES_AGGRESSIVE;
				GCC_WARN_UNUSED_FUNCTION = YES;
				GCC_WARN_UNUSED_VARIABLE = YES;
				IPHONEOS_DEPLOYMENT_TARGET = 18.2;
				LOCALIZATION_PREFERS_STRING_CATALOGS = YES;
				MTL_ENABLE_DEBUG_INFO = INCLUDE_SOURCE;
				MTL_FAST_MATH = YES;
				ONLY_ACTIVE_ARCH = YES;
				SDKROOT = iphoneos;
				SWIFT_ACTIVE_COMPILATION_CONDITIONS = "DEBUG $(inherited)";
				SWIFT_OPTIMIZATION_LEVEL = "-Onone";
			};
			name = Debug;
		};
		AC13A9BB2E431CE60040338B /* Release */ = {
			isa = XCBuildConfiguration;
			buildSettings = {
				ALWAYS_SEARCH_USER_PATHS = NO;
				ASSETCATALOG_COMPILER_GENERATE_SWIFT_ASSET_SYMBOL_EXTENSIONS = YES;
				CLANG_ANALYZER_NONNULL = YES;
				CLANG_ANALYZER_NUMBER_OBJECT_CONVERSION = YES_AGGRESSIVE;
				CLANG_CXX_LANGUAGE_STANDARD = "gnu++20";
				CLANG_ENABLE_MODULES = YES;
				CLANG_ENABLE_OBJC_ARC = YES;
				CLANG_ENABLE_OBJC_WEAK = YES;
				CLANG_WARN_BLOCK_CAPTURE_AUTORELEASING = YES;
				CLANG_WARN_BOOL_CONVERSION = YES;
				CLANG_WARN_COMMA = YES;
				CLANG_WARN_CONSTANT_CONVERSION = YES;
				CLANG_WARN_DEPRECATED_OBJC_IMPLEMENTATIONS = YES;
				CLANG_WARN_DIRECT_OBJC_ISA_USAGE = YES_ERROR;
				CLANG_WARN_DOCUMENTATION_COMMENTS = YES;
				CLANG_WARN_EMPTY_BODY = YES;
				CLANG_WARN_ENUM_CONVERSION = YES;
				CLANG_WARN_INFINITE_RECURSION = YES;
				CLANG_WARN_INT_CONVERSION = YES;
				CLANG_WARN_NON_LITERAL_NULL_CONVERSION = YES;
				CLANG_WARN_OBJC_IMPLICIT_RETAIN_SELF = YES;
				CLANG_WARN_OBJC_LITERAL_CONVERSION = YES;
				CLANG_WARN_OBJC_ROOT_CLASS = YES_ERROR;
				CLANG_WARN_QUOTED_INCLUDE_IN_FRAMEWORK_HEADER = YES;
				CLANG_WARN_RANGE_LOOP_ANALYSIS = YES;
				CLANG_WARN_STRICT_PROTOTYPES = YES;
				CLANG_WARN_SUSPICIOUS_MOVE = YES;
				CLANG_WARN_UNGUARDED_AVAILABILITY = YES_AGGRESSIVE;
				CLANG_WARN_UNREACHABLE_CODE = YES;
				CLANG_WARN__DUPLICATE_METHOD_MATCH = YES;
				COPY_PHASE_STRIP = NO;
				DEBUG_INFORMATION_FORMAT = "dwarf-with-dsym";
				ENABLE_NS_ASSERTIONS = NO;
				ENABLE_STRICT_OBJC_MSGSEND = YES;
				ENABLE_USER_SCRIPT_SANDBOXING = YES;
				GCC_C_LANGUAGE_STANDARD = gnu17;
				GCC_NO_COMMON_BLOCKS = YES;
				GCC_WARN_64_TO_32_BIT_CONVERSION = YES;
				GCC_WARN_ABOUT_RETURN_TYPE = YES_ERROR;
				GCC_WARN_UNDECLARED_SELECTOR = YES;
				GCC_WARN_UNINITIALIZED_AUTOS = YES_AGGRESSIVE;
				GCC_WARN_UNUSED_FUNCTION = YES;
				GCC_WARN_UNUSED_VARIABLE = YES;
				IPHONEOS_DEPLOYMENT_TARGET = 18.2;
				LOCALIZATION_PREFERS_STRING_CATALOGS = YES;
				MTL_ENABLE_DEBUG_INFO = NO;
				MTL_FAST_MATH = YES;
				SDKROOT = iphoneos;
				SWIFT_COMPILATION_MODE = wholemodule;
				VALIDATE_PRODUCT = YES;
			};
			name = Release;
		};
/* End XCBuildConfiguration section */

/* Begin XCConfigurationList section */
		AC13A99F2E431CE40040338B /* Build configuration list for PBXProject "FutFacts" */ = {
			isa = XCConfigurationList;
			buildConfigurations = (
				AC13A9BA2E431CE60040338B /* Debug */,
				AC13A9BB2E431CE60040338B /* Release */,
			);
			defaultConfigurationIsVisible = 0;
			defaultConfigurationName = Release;
		};
		AC13A9B72E431CE60040338B /* Build configuration list for PBXNativeTarget "FutFacts" */ = {
			isa = XCConfigurationList;
			buildConfigurations = (
				AC13A9B82E431CE60040338B /* Debug */,
				AC13A9B92E431CE60040338B /* Release */,
			);
			defaultConfigurationIsVisible = 0;
			defaultConfigurationName = Release;
		};
/* End XCConfigurationList section */

/* Begin XCRemoteSwiftPackageReference section */
		AC9151772E46BD3C00082157 /* XCRemoteSwiftPackageReference "firebase-ios-sdk" */ = {
			isa = XCRemoteSwiftPackageReference;
			repositoryURL = "https://github.com/firebase/firebase-ios-sdk";
			requirement = {
				kind = upToNextMajorVersion;
				minimumVersion = 12.1.0;
			};
		};
		ACA572AC2E43C80300F7283B /* XCRemoteSwiftPackageReference "Charts" */ = {
			isa = XCRemoteSwiftPackageReference;
			repositoryURL = "https://github.com/ChartsOrg/Charts";
			requirement = {
				kind = upToNextMajorVersion;
				minimumVersion = 5.1.0;
			};
		};
		ACA572AF2E43C81400F7283B /* XCRemoteSwiftPackageReference "TinyConstraints" */ = {
			isa = XCRemoteSwiftPackageReference;
			repositoryURL = "https://github.com/roberthein/TinyConstraints";
			requirement = {
				kind = upToNextMajorVersion;
				minimumVersion = 4.0.2;
			};
		};
		ACA572B22E43DF9E00F7283B /* XCRemoteSwiftPackageReference "bcrypt" */ = {
			isa = XCRemoteSwiftPackageReference;
			repositoryURL = "https://github.com/vapor/bcrypt.git";
			requirement = {
				kind = upToNextMajorVersion;
				minimumVersion = 1.1.1;
			};
		};
/* End XCRemoteSwiftPackageReference section */

/* Begin XCSwiftPackageProductDependency section */
		AC0ACD332E47375D0038C4C6 /* FirebaseAI */ = {
			isa = XCSwiftPackageProductDependency;
			package = AC9151772E46BD3C00082157 /* XCRemoteSwiftPackageReference "firebase-ios-sdk" */;
			productName = FirebaseAI;
		};
		AC0ACD352E47375D0038C4C6 /* FirebaseDatabase */ = {
			isa = XCSwiftPackageProductDependency;
			package = AC9151772E46BD3C00082157 /* XCRemoteSwiftPackageReference "firebase-ios-sdk" */;
			productName = FirebaseDatabase;
		};
		AC0ACD372E47B9C50038C4C6 /* FirebaseFirestore */ = {
			isa = XCSwiftPackageProductDependency;
			package = AC9151772E46BD3C00082157 /* XCRemoteSwiftPackageReference "firebase-ios-sdk" */;
			productName = FirebaseFirestore;
		};
		AC0ACD392E47B9C50038C4C6 /* FirebaseFirestoreCombine-Community */ = {
			isa = XCSwiftPackageProductDependency;
			package = AC9151772E46BD3C00082157 /* XCRemoteSwiftPackageReference "firebase-ios-sdk" */;
			productName = "FirebaseFirestoreCombine-Community";
		};
		AC9151782E46BD3C00082157 /* FirebaseAuth */ = {
			isa = XCSwiftPackageProductDependency;
			package = AC9151772E46BD3C00082157 /* XCRemoteSwiftPackageReference "firebase-ios-sdk" */;
			productName = FirebaseAuth;
		};
		ACA572AD2E43C80300F7283B /* DGCharts */ = {
			isa = XCSwiftPackageProductDependency;
			package = ACA572AC2E43C80300F7283B /* XCRemoteSwiftPackageReference "Charts" */;
			productName = DGCharts;
		};
		ACA572B02E43C81400F7283B /* TinyConstraints */ = {
			isa = XCSwiftPackageProductDependency;
			package = ACA572AF2E43C81400F7283B /* XCRemoteSwiftPackageReference "TinyConstraints" */;
			productName = TinyConstraints;
		};
		ACA572B32E43DF9E00F7283B /* BCrypt */ = {
			isa = XCSwiftPackageProductDependency;
			package = ACA572B22E43DF9E00F7283B /* XCRemoteSwiftPackageReference "bcrypt" */;
			productName = BCrypt;
		};
/* End XCSwiftPackageProductDependency section */
	};
	rootObject = AC13A99C2E431CE40040338B /* Project object */;
}
